
Microsoft Visual Studio Solution File, Format Version 12.00
# Visual Studio 14
VisualStudioVersion = 14.0.25420.1
MinimumVisualStudioVersion = 10.0.40219.1
Project("{FAE04EC0-301F-11D3-BF4B-00C04F79EFBC}") = "TaxInvoice", "TaxInvoice\TaxInvoice.csproj", "{FA93A56D-B426-4079-ABD0-A8D491681375}"
EndProject
Project("{FAE04EC0-301F-11D3-BF4B-00C04F79EFBC}") = "Resource", "Resource\Resource.csproj", "{75B28F11-1A84-48E4-B997-79CF0611095F}"
EndProject
Project("{FAE04EC0-301F-11D3-BF4B-00C04F79EFBC}") = "ControlLib", "ControlLib\ControlLib.csproj", "{53843311-9178-40C2-AD0B-F609DE60C7CA}"
EndProject
Project("{FAE04EC0-301F-11D3-BF4B-00C04F79EFBC}") = "HttpLib", "HttpLib\HttpLib.csproj", "{28A9C023-3E39-46C0-9012-25A1CF17A462}"
EndProject
Global
	GlobalSection(SolutionConfigurationPlatforms) = preSolution
		Debug|Any CPU = Debug|Any CPU
		Release|Any CPU = Release|Any CPU
	EndGlobalSection
	GlobalSection(ProjectConfigurationPlatforms) = postSolution
		{FA93A56D-B426-4079-ABD0-A8D491681375}.Debug|Any CPU.ActiveCfg = Debug|Any CPU
		{FA93A56D-B426-4079-ABD0-A8D491681375}.Debug|Any CPU.Build.0 = Debug|Any CPU
		{FA93A56D-B426-4079-ABD0-A8D491681375}.Release|Any CPU.ActiveCfg = Release|Any CPU
		{FA93A56D-B426-4079-ABD0-A8D491681375}.Release|Any CPU.Build.0 = Release|Any CPU
		{75B28F11-1A84-48E4-B997-79CF0611095F}.Debug|Any CPU.ActiveCfg = Debug|Any CPU
		{75B28F11-1A84-48E4-B997-79CF0611095F}.Debug|Any CPU.Build.0 = Debug|Any CPU
		{75B28F11-1A84-48E4-B997-79CF0611095F}.Release|Any CPU.ActiveCfg = Release|Any CPU
		{75B28F11-1A84-48E4-B997-79CF0611095F}.Release|Any CPU.Build.0 = Release|Any CPU
		{53843311-9178-40C2-AD0B-F609DE60C7CA}.Debug|Any CPU.ActiveCfg = Debug|Any CPU
		{53843311-9178-40C2-AD0B-F609DE60C7CA}.Debug|Any CPU.Build.0 = Debug|Any CPU
		{53843311-9178-40C2-AD0B-F609DE60C7CA}.Release|Any CPU.ActiveCfg = Release|Any CPU
		{53843311-9178-40C2-AD0B-F609DE60C7CA}.Release|Any CPU.Build.0 = Release|Any CPU
		{28A9C023-3E39-46C0-9012-25A1CF17A462}.Debug|Any CPU.ActiveCfg = Debug|Any CPU
		{28A9C023-3E39-46C0-9012-25A1CF17A462}.Debug|Any CPU.Build.0 = Debug|Any CPU
		{28A9C023-3E39-46C0-9012-25A1CF17A462}.Release|Any CPU.ActiveCfg = Release|Any CPU
		{28A9C023-3E39-46C0-9012-25A1CF17A462}.Release|Any CPU.Build.0 = Release|Any CPU
	EndGlobalSection
	GlobalSection(SolutionProperties) = preSolution
		HideSolutionNode = FALSE
	EndGlobalSection
EndGlobal
